// !$*UTF8*$!
{
	archiveVersion = 1;
	classes = {
	};
	objectVersion = 50;
	objects = {

/* Begin PBXBuildFile section */
		F1367EF723FE075B002621DE /* TasksUtility.swift in Sources */ = {isa = PBXBuildFile; fileRef = F1367EF623FE075B002621DE /* TasksUtility.swift */; };
		F184914123FBA46300DA5EEA /* AppDelegate.swift in Sources */ = {isa = PBXBuildFile; fileRef = F184914023FBA46300DA5EEA /* AppDelegate.swift */; };
		F184914323FBA46300DA5EEA /* SceneDelegate.swift in Sources */ = {isa = PBXBuildFile; fileRef = F184914223FBA46300DA5EEA /* SceneDelegate.swift */; };
		F184914823FBA46300DA5EEA /* Main.storyboard in Resources */ = {isa = PBXBuildFile; fileRef = F184914623FBA46300DA5EEA /* Main.storyboard */; };
		F184914A23FBA46400DA5EEA /* Assets.xcassets in Resources */ = {isa = PBXBuildFile; fileRef = F184914923FBA46400DA5EEA /* Assets.xcassets */; };
		F184914D23FBA46400DA5EEA /* LaunchScreen.storyboard in Resources */ = {isa = PBXBuildFile; fileRef = F184914B23FBA46400DA5EEA /* LaunchScreen.storyboard */; };
		F184915523FBA4A900DA5EEA /* TasksController.swift in Sources */ = {isa = PBXBuildFile; fileRef = F184915423FBA4A900DA5EEA /* TasksController.swift */; };
		F184915723FBACD200DA5EEA /* Task.swift in Sources */ = {isa = PBXBuildFile; fileRef = F184915623FBACD200DA5EEA /* Task.swift */; };
		F184915923FBAD5B00DA5EEA /* TaskStore.swift in Sources */ = {isa = PBXBuildFile; fileRef = F184915823FBAD5B00DA5EEA /* TaskStore.swift */; };
/* End PBXBuildFile section */

/* Begin PBXFileReference section */
		F1367EF623FE075B002621DE /* TasksUtility.swift */ = {isa = PBXFileReference; lastKnownFileType = sourcecode.swift; path = TasksUtility.swift; sourceTree = "<group>"; };
		F184913D23FBA46300DA5EEA /* Taskly.app */ = {isa = PBXFileReference; explicitFileType = wrapper.application; includeInIndex = 0; path = Taskly.app; sourceTree = BUILT_PRODUCTS_DIR; };
		F184914023FBA46300DA5EEA /* AppDelegate.swift */ = {isa = PBXFileReference; lastKnownFileType = sourcecode.swift; path = AppDelegate.swift; sourceTree = "<group>"; };
		F184914223FBA46300DA5EEA /* SceneDelegate.swift */ = {isa = PBXFileReference; lastKnownFileType = sourcecode.swift; path = SceneDelegate.swift; sourceTree = "<group>"; };
		F184914723FBA46300DA5EEA /* Base */ = {isa = PBXFileReference; lastKnownFileType = file.storyboard; name = Base; path = Base.lproj/Main.storyboard; sourceTree = "<group>"; };
		F184914923FBA46400DA5EEA /* Assets.xcassets */ = {isa = PBXFileReference; lastKnownFileType = folder.assetcatalog; path = Assets.xcassets; sourceTree = "<group>"; };
		F184914C23FBA46400DA5EEA /* Base */ = {isa = PBXFileReference; lastKnownFileType = file.storyboard; name = Base; path = Base.lproj/LaunchScreen.storyboard; sourceTree = "<group>"; };
		F184914E23FBA46400DA5EEA /* Info.plist */ = {isa = PBXFileReference; lastKnownFileType = text.plist.xml; path = Info.plist; sourceTree = "<group>"; };
		F184915423FBA4A900DA5EEA /* TasksController.swift */ = {isa = PBXFileReference; lastKnownFileType = sourcecode.swift; path = TasksController.swift; sourceTree = "<group>"; };
		F184915623FBACD200DA5EEA /* Task.swift */ = {isa = PBXFileReference; lastKnownFileType = sourcecode.swift; path = Task.swift; sourceTree = "<group>"; };
		F184915823FBAD5B00DA5EEA /* TaskStore.swift */ = {isa = PBXFileReference; lastKnownFileType = sourcecode.swift; path = TaskStore.swift; sourceTree = "<group>"; };
/* End PBXFileReference section */

/* Begin PBXFrameworksBuildPhase section */
		F184913A23FBA46300DA5EEA /* Frameworks */ = {
			isa = PBXFrameworksBuildPhase;
			buildActionMask = 2147483647;
			files = (
			);
			runOnlyForDeploymentPostprocessing = 0;
		};
/* End PBXFrameworksBuildPhase section */

/* Begin PBXGroup section */
		F1367EF223FDFBE7002621DE /* Models */ = {
			isa = PBXGroup;
			children = (
				F184915623FBACD200DA5EEA /* Task.swift */,
			);
			path = Models;
			sourceTree = "<group>";
		};
		F1367EF323FDFBFB002621DE /* Controllers */ = {
			isa = PBXGroup;
			children = (
				F184915423FBA4A900DA5EEA /* TasksController.swift */,
			);
			path = Controllers;
			sourceTree = "<group>";
		};
		F1367EF423FDFC08002621DE /* Helpers */ = {
			isa = PBXGroup;
			children = (
				F184915823FBAD5B00DA5EEA /* TaskStore.swift */,
				F1367EF623FE075B002621DE /* TasksUtility.swift */,
			);
			path = Helpers;
			sourceTree = "<group>";
		};
		F1367EF523FE0325002621DE /* System */ = {
			isa = PBXGroup;
			children = (
				F184914023FBA46300DA5EEA /* AppDelegate.swift */,
				F184914223FBA46300DA5EEA /* SceneDelegate.swift */,
				F184914923FBA46400DA5EEA /* Assets.xcassets */,
				F184914B23FBA46400DA5EEA /* LaunchScreen.storyboard */,
				F184914E23FBA46400DA5EEA /* Info.plist */,
			);
			path = System;
			sourceTree = "<group>";
		};
		F184913423FBA46300DA5EEA = {
			isa = PBXGroup;
			children = (
				F184913F23FBA46300DA5EEA /* Taskly */,
				F184913E23FBA46300DA5EEA /* Products */,
			);
			sourceTree = "<group>";
		};
		F184913E23FBA46300DA5EEA /* Products */ = {
			isa = PBXGroup;
			children = (
				F184913D23FBA46300DA5EEA /* Taskly.app */,
			);
			name = Products;
			sourceTree = "<group>";
		};
		F184913F23FBA46300DA5EEA /* Taskly */ = {
			isa = PBXGroup;
			children = (
				F184914623FBA46300DA5EEA /* Main.storyboard */,
				F1367EF423FDFC08002621DE /* Helpers */,
				F1367EF323FDFBFB002621DE /* Controllers */,
				F1367EF223FDFBE7002621DE /* Models */,
				F1367EF523FE0325002621DE /* System */,
			);
			path = Taskly;
			sourceTree = "<group>";
		};
/* End PBXGroup section */

/* Begin PBXNativeTarget section */
		F184913C23FBA46300DA5EEA /* Taskly */ = {
			isa = PBXNativeTarget;
			buildConfigurationList = F184915123FBA46400DA5EEA /* Build configuration list for PBXNativeTarget "Taskly" */;
			buildPhases = (
				F184913923FBA46300DA5EEA /* Sources */,
				F184913A23FBA46300DA5EEA /* Frameworks */,
				F184913B23FBA46300DA5EEA /* Resources */,
			);
			buildRules = (
			);
			dependencies = (
			);
			name = Taskly;
			productName = Taskly;
			productReference = F184913D23FBA46300DA5EEA /* Taskly.app */;
			productType = "com.apple.product-type.application";
		};
/* End PBXNativeTarget section */

/* Begin PBXProject section */
		F184913523FBA46300DA5EEA /* Project object */ = {
			isa = PBXProject;
			attributes = {
				LastSwiftUpdateCheck = 1120;
				LastUpgradeCheck = 1120;
				ORGANIZATIONNAME = "Yamada, Masaya";
				TargetAttributes = {
					F184913C23FBA46300DA5EEA = {
						CreatedOnToolsVersion = 11.2.1;
					};
				};
			};
			buildConfigurationList = F184913823FBA46300DA5EEA /* Build configuration list for PBXProject "Taskly" */;
			compatibilityVersion = "Xcode 9.3";
			developmentRegion = en;
			hasScannedForEncodings = 0;
			knownRegions = (
				en,
				Base,
			);
			mainGroup = F184913423FBA46300DA5EEA;
			productRefGroup = F184913E23FBA46300DA5EEA /* Products */;
			projectDirPath = "";
			projectRoot = "";
			targets = (
				F184913C23FBA46300DA5EEA /* Taskly */,
			);
		};
/* End PBXProject section */

/* Begin PBXResourcesBuildPhase section */
		F184913B23FBA46300DA5EEA /* Resources */ = {
			isa = PBXResourcesBuildPhase;
			buildActionMask = 2147483647;
			files = (
				F184914D23FBA46400DA5EEA /* LaunchScreen.storyboard in Resources */,
				F184914A23FBA46400DA5EEA /* Assets.xcassets in Resources */,
				F184914823FBA46300DA5EEA /* Main.storyboard in Resources */,
			);
			runOnlyForDeploymentPostprocessing = 0;
		};
/* End PBXResourcesBuildPhase section */

/* Begin PBXSourcesBuildPhase section */
		F184913923FBA46300DA5EEA /* Sources */ = {
			isa = PBXSourcesBuildPhase;
			buildActionMask = 2147483647;
			files = (
				F184915923FBAD5B00DA5EEA /* TaskStore.swift in Sources */,
				F184915723FBACD200DA5EEA /* Task.swift in Sources */,
				F184914123FBA46300DA5EEA /* AppDelegate.swift in Sources */,
				F1367EF723FE075B002621DE /* TasksUtility.swift in Sources */,
				F184915523FBA4A900DA5EEA /* TasksController.swift in Sources */,
				F184914323FBA46300DA5EEA /* SceneDelegate.swift in Sources */,
			);
			runOnlyForDeploymentPostprocessing = 0;
		};
/* End PBXSourcesBuildPhase section */

/* Begin PBXVariantGroup section */
		F184914623FBA46300DA5EEA /* Main.storyboard */ = {
			isa = PBXVariantGroup;
			children = (
				F184914723FBA46300DA5EEA /* Base */,
			);
			name = Main.storyboard;
			sourceTree = "<group>";
		};
		F184914B23FBA46400DA5EEA /* LaunchScreen.storyboard */ = {
			isa = PBXVariantGroup;
			children = (
				F184914C23FBA46400DA5EEA /* Base */,
			);
			name = LaunchScreen.storyboard;
			sourceTree = "<group>";
		};
/* End PBXVariantGroup section */

/* Begin XCBuildConfiguration section */
		F184914F23FBA46400DA5EEA /* Debug */ = {
			isa = XCBuildConfiguration;
			buildSettings = {
				ALWAYS_SEARCH_USER_PATHS = NO;
				CLANG_ANALYZER_NONNULL = YES;
				CLANG_ANALYZER_NUMBER_OBJECT_CONVERSION = YES_AGGRESSIVE;
				CLANG_CXX_LANGUAGE_STANDARD = "gnu++14";
				CLANG_CXX_LIBRARY = "libc++";
				CLANG_ENABLE_MODULES = YES;
				CLANG_ENABLE_OBJC_ARC = YES;
				CLANG_ENABLE_OBJC_WEAK = YES;
				CLANG_WARN_BLOCK_CAPTURE_AUTORELEASING = YES;
				CLANG_WARN_BOOL_CONVERSION = YES;
				CLANG_WARN_COMMA = YES;
				CLANG_WARN_CONSTANT_CONVERSION = YES;
				CLANG_WARN_DEPRECATED_OBJC_IMPLEMENTATIONS = YES;
				CLANG_WARN_DIRECT_OBJC_ISA_USAGE = YES_ERROR;
				CLANG_WARN_DOCUMENTATION_COMMENTS = YES;
				CLANG_WARN_EMPTY_BODY = YES;
				CLANG_WARN_ENUM_CONVERSION = YES;
				CLANG_WARN_INFINITE_RECURSION = YES;
				CLANG_WARN_INT_CONVERSION = YES;
				CLANG_WARN_NON_LITERAL_NULL_CONVERSION = YES;
				CLANG_WARN_OBJC_IMPLICIT_RETAIN_SELF = YES;
				CLANG_WARN_OBJC_LITERAL_CONVERSION = YES;
				CLANG_WARN_OBJC_ROOT_CLASS = YES_ERROR;
				CLANG_WARN_RANGE_LOOP_ANALYSIS = YES;
				CLANG_WARN_STRICT_PROTOTYPES = YES;
				CLANG_WARN_SUSPICIOUS_MOVE = YES;
				CLANG_WARN_UNGUARDED_AVAILABILITY = YES_AGGRESSIVE;
				CLANG_WARN_UNREACHABLE_CODE = YES;
				CLANG_WARN__DUPLICATE_METHOD_MATCH = YES;
				COPY_PHASE_STRIP = NO;
				DEBUG_INFORMATION_FORMAT = dwarf;
				ENABLE_STRICT_OBJC_MSGSEND = YES;
				ENABLE_TESTABILITY = YES;
				GCC_C_LANGUAGE_STANDARD = gnu11;
				GCC_DYNAMIC_NO_PIC = NO;
				GCC_NO_COMMON_BLOCKS = YES;
				GCC_OPTIMIZATION_LEVEL = 0;
				GCC_PREPROCESSOR_DEFINITIONS = (
					"DEBUG=1",
					"$(inherited)",
				);
				GCC_WARN_64_TO_32_BIT_CONVERSION = YES;
				GCC_WARN_ABOUT_RETURN_TYPE = YES_ERROR;
				GCC_WARN_UNDECLARED_SELECTOR = YES;
				GCC_WARN_UNINITIALIZED_AUTOS = YES_AGGRESSIVE;
				GCC_WARN_UNUSED_FUNCTION = YES;
				GCC_WARN_UNUSED_VARIABLE = YES;
				IPHONEOS_DEPLOYMENT_TARGET = 13.2;
				MTL_ENABLE_DEBUG_INFO = INCLUDE_SOURCE;
				MTL_FAST_MATH = YES;
				ONLY_ACTIVE_ARCH = YES;
				SDKROOT = iphoneos;
				SWIFT_ACTIVE_COMPILATION_CONDITIONS = DEBUG;
				SWIFT_OPTIMIZATION_LEVEL = "-Onone";
			};
			name = Debug;
		};
		F184915023FBA46400DA5EEA /* Release */ = {
			isa = XCBuildConfiguration;
			buildSettings = {
				ALWAYS_SEARCH_USER_PATHS = NO;
				CLANG_ANALYZER_NONNULL = YES;
				CLANG_ANALYZER_NUMBER_OBJECT_CONVERSION = YES_AGGRESSIVE;
				CLANG_CXX_LANGUAGE_STANDARD = "gnu++14";
				CLANG_CXX_LIBRARY = "libc++";
				CLANG_ENABLE_MODULES = YES;
				CLANG_ENABLE_OBJC_ARC = YES;
				CLANG_ENABLE_OBJC_WEAK = YES;
				CLANG_WARN_BLOCK_CAPTURE_AUTORELEASING = YES;
				CLANG_WARN_BOOL_CONVERSION = YES;
				CLANG_WARN_COMMA = YES;
				CLANG_WARN_CONSTANT_CONVERSION = YES;
				CLANG_WARN_DEPRECATED_OBJC_IMPLEMENTATIONS = YES;
				CLANG_WARN_DIRECT_OBJC_ISA_USAGE = YES_ERROR;
				CLANG_WARN_DOCUMENTATION_COMMENTS = YES;
				CLANG_WARN_EMPTY_BODY = YES;
				CLANG_WARN_ENUM_CONVERSION = YES;
				CLANG_WARN_INFINITE_RECURSION = YES;
				CLANG_WARN_INT_CONVERSION = YES;
				CLANG_WARN_NON_LITERAL_NULL_CONVERSION = YES;
				CLANG_WARN_OBJC_IMPLICIT_RETAIN_SELF = YES;
				CLANG_WARN_OBJC_LITERAL_CONVERSION = YES;
				CLANG_WARN_OBJC_ROOT_CLASS = YES_ERROR;
				CLANG_WARN_RANGE_LOOP_ANALYSIS = YES;
				CLANG_WARN_STRICT_PROTOTYPES = YES;
				CLANG_WARN_SUSPICIOUS_MOVE = YES;
				CLANG_WARN_UNGUARDED_AVAILABILITY = YES_AGGRESSIVE;
				CLANG_WARN_UNREACHABLE_CODE = YES;
				CLANG_WARN__DUPLICATE_METHOD_MATCH = YES;
				COPY_PHASE_STRIP = NO;
				DEBUG_INFORMATION_FORMAT = "dwarf-with-dsym";
				ENABLE_NS_ASSERTIONS = NO;
				ENABLE_STRICT_OBJC_MSGSEND = YES;
				GCC_C_LANGUAGE_STANDARD = gnu11;
				GCC_NO_COMMON_BLOCKS = YES;
				GCC_WARN_64_TO_32_BIT_CONVERSION = YES;
				GCC_WARN_ABOUT_RETURN_TYPE = YES_ERROR;
				GCC_WARN_UNDECLARED_SELECTOR = YES;
				GCC_WARN_UNINITIALIZED_AUTOS = YES_AGGRESSIVE;
				GCC_WARN_UNUSED_FUNCTION = YES;
				GCC_WARN_UNUSED_VARIABLE = YES;
				IPHONEOS_DEPLOYMENT_TARGET = 13.2;
				MTL_ENABLE_DEBUG_INFO = NO;
				MTL_FAST_MATH = YES;
				SDKROOT = iphoneos;
				SWIFT_COMPILATION_MODE = wholemodule;
				SWIFT_OPTIMIZATION_LEVEL = "-O";
				VALIDATE_PRODUCT = YES;
			};
			name = Release;
		};
		F184915223FBA46400DA5EEA /* Debug */ = {
			isa = XCBuildConfiguration;
			buildSettings = {
				ASSETCATALOG_COMPILER_APPICON_NAME = AppIcon;
				CODE_SIGN_STYLE = Automatic;
				INFOPLIST_FILE = Taskly/System/Info.plist;
				LD_RUNPATH_SEARCH_PATHS = (
					"$(inherited)",
					"@executable_path/Frameworks",
				);
				PRODUCT_BUNDLE_IDENTIFIER = com.unitpothos.Taskly;
				PRODUCT_NAME = "$(TARGET_NAME)";
				SWIFT_VERSION = 5.0;
				TARGETED_DEVICE_FAMILY = "1,2";
			};
			name = Debug;
		};
		F184915323FBA46400DA5EEA /* Release */ = {
			isa = XCBuildConfiguration;
			buildSettings = {
				ASSETCATALOG_COMPILER_APPICON_NAME = AppIcon;
				CODE_SIGN_STYLE = Automatic;
				INFOPLIST_FILE = Taskly/System/Info.plist;
				LD_RUNPATH_SEARCH_PATHS = (
					"$(inherited)",
					"@executable_path/Frameworks",
				);
				PRODUCT_BUNDLE_IDENTIFIER = com.unitpothos.Taskly;
				PRODUCT_NAME = "$(TARGET_NAME)";
				SWIFT_VERSION = 5.0;
				TARGETED_DEVICE_FAMILY = "1,2";
			};
			name = Release;
		};
/* End XCBuildConfiguration section */

/* Begin XCConfigurationList section */
		F184913823FBA46300DA5EEA /* Build configuration list for PBXProject "Taskly" */ = {
			isa = XCConfigurationList;
			buildConfigurations = (
				F184914F23FBA46400DA5EEA /* Debug */,
				F184915023FBA46400DA5EEA /* Release */,
			);
			defaultConfigurationIsVisible = 0;
			defaultConfigurationName = Release;
		};
		F184915123FBA46400DA5EEA /* Build configuration list for PBXNativeTarget "Taskly" */ = {
			isa = XCConfigurationList;
			buildConfigurations = (
				F184915223FBA46400DA5EEA /* Debug */,
				F184915323FBA46400DA5EEA /* Release */,
			);
			defaultConfigurationIsVisible = 0;
			defaultConfigurationName = Release;
		};
/* End XCConfigurationList section */
	};
	rootObject = F184913523FBA46300DA5EEA /* Project object */;
}
